
Microsoft Visual Studio Solution File, Format Version 12.00
# Visual Studio Version 17
VisualStudioVersion = 17.5.33627.172
MinimumVisualStudioVersion = 10.0.40219.1
Project("{FAE04EC0-301F-11D3-BF4B-00C04F79EFBC}") = "ScrappingColegios", "ScrappingColegios.csproj", "{E224FAB1-31BE-4C83-9E24-8FD3BC807C53}"
EndProject
Global
	GlobalSection(SolutionConfigurationPlatforms) = preSolution
		Debug|Any CPU = Debug|Any CPU
		Release|Any CPU = Release|Any CPU
	EndGlobalSection
	GlobalSection(ProjectConfigurationPlatforms) = postSolution
		{E224FAB1-31BE-4C83-9E24-8FD3BC807C53}.Debug|Any CPU.ActiveCfg = Debug|Any CPU
		{E224FAB1-31BE-4C83-9E24-8FD3BC807C53}.Debug|Any CPU.Build.0 = Debug|Any CPU
		{E224FAB1-31BE-4C83-9E24-8FD3BC807C53}.Release|Any CPU.ActiveCfg = Release|Any CPU
		{E224FAB1-31BE-4C83-9E24-8FD3BC807C53}.Release|Any CPU.Build.0 = Release|Any CPU
	EndGlobalSection
	GlobalSection(SolutionProperties) = preSolution
		HideSolutionNode = FALSE
	EndGlobalSection
	GlobalSection(ExtensibilityGlobals) = postSolution
		SolutionGuid = {747C346C-A899-4976-8443-4AB27BC156ED}
	EndGlobalSection
EndGlobal
